
Microsoft Visual Studio Solution File, Format Version 12.00
# Visual Studio 15
VisualStudioVersion = 15.0.27004.2005
MinimumVisualStudioVersion = 10.0.40219.1
Project("{FAE04EC0-301F-11D3-BF4B-00C04F79EFBC}") = "Taurit.TodoistTools.Review", "Taurit.TodoistTools.Review\Taurit.TodoistTools.Review.csproj", "{EAA65BD8-BA9C-4A74-AD84-F05273B36632}"
EndProject
Global
	GlobalSection(SolutionConfigurationPlatforms) = preSolution
		Debug|Any CPU = Debug|Any CPU
		Release|Any CPU = Release|Any CPU
	EndGlobalSection
	GlobalSection(ProjectConfigurationPlatforms) = postSolution
		{EAA65BD8-BA9C-4A74-AD84-F05273B36632}.Debug|Any CPU.ActiveCfg = Debug|Any CPU
		{EAA65BD8-BA9C-4A74-AD84-F05273B36632}.Debug|Any CPU.Build.0 = Debug|Any CPU
		{EAA65BD8-BA9C-4A74-AD84-F05273B36632}.Release|Any CPU.ActiveCfg = Release|Any CPU
		{EAA65BD8-BA9C-4A74-AD84-F05273B36632}.Release|Any CPU.Build.0 = Release|Any CPU
	EndGlobalSection
	GlobalSection(SolutionProperties) = preSolution
		HideSolutionNode = FALSE
	EndGlobalSection
	GlobalSection(ExtensibilityGlobals) = postSolution
		SolutionGuid = {89E87EEC-DACE-4EFC-9D0C-CF83A1C2B55F}
	EndGlobalSection
EndGlobal
